<?xml version="1.0" encoding="utf-8"?>
<Project ToolsVersion="4.0" xmlns="http://schemas.microsoft.com/developer/msbuild/2003">
  <ItemGroup>
    <Filter Include="src">
      <UniqueIdentifier>{86fc88f3-6c61-4ffc-8088-9d4cace864fc}</UniqueIdentifier>
    </Filter>
    <Filter Include="src\graphics">
      <UniqueIdentifier>{9a43627a-9513-4fdc-bc08-0b58c1c1e03b}</UniqueIdentifier>
    </Filter>
    <Filter Include="src\widgets">
      <UniqueIdentifier>{fe41bcbe-1533-4e8f-93bd-19962c7e0618}</UniqueIdentifier>
    </Filter>
    <Filter Include="src\scenes">
      <UniqueIdentifier>{6531bb2e-1bb4-4d83-ac61-82f9c2839aea}</UniqueIdentifier>
    </Filter>
    <Filter Include="src\net">
      <UniqueIdentifier>{51b86d04-44f0-4724-8c2f-11ebe93b7090}</UniqueIdentifier>
    </Filter>
    <Filter Include="src\cache">
      <UniqueIdentifier>{bd0109d7-aee2-4ca7-8eff-8b52bf26a18d}</UniqueIdentifier>
    </Filter>
  </ItemGroup>
  <ItemGroup>
    <ClCompile Include="src\main.cpp">
      <Filter>src</Filter>
    </ClCompile>
    <ClCompile Include="src\graphics\texture.cpp">
      <Filter>src\graphics</Filter>
    </ClCompile>
    <ClCompile Include="src\graphics\texture_container.cpp">
      <Filter>src\graphics</Filter>
    </ClCompile>
    <ClCompile Include="src\graphics\renderer.cpp">
      <Filter>src\graphics</Filter>
    </ClCompile>
    <ClCompile Include="src\widgets\widget_container.cpp">
      <Filter>src\widgets</Filter>
    </ClCompile>
    <ClCompile Include="src\widgets\label.cpp">
      <Filter>src\widgets</Filter>
    </ClCompile>
    <ClCompile Include="src\widgets\progress_bar.cpp">
      <Filter>src\widgets</Filter>
    </ClCompile>
    <ClCompile Include="src\widgets\image.cpp">
      <Filter>src\widgets</Filter>
    </ClCompile>
    <ClCompile Include="src\widgets\button.cpp">
      <Filter>src\widgets</Filter>
    </ClCompile>
    <ClCompile Include="src\widgets\cell.cpp">
      <Filter>src\widgets</Filter>
    </ClCompile>
    <ClCompile Include="src\game.cpp">
      <Filter>src</Filter>
    </ClCompile>
    <ClCompile Include="src\scenes\login_scene.cpp">
      <Filter>src\scenes</Filter>
    </ClCompile>
    <ClCompile Include="src\net\http_container.cpp">
      <Filter>src\net</Filter>
    </ClCompile>
    <ClCompile Include="src\net\http_request.cpp">
      <Filter>src\net</Filter>
    </ClCompile>
    <ClCompile Include="src\scenes\menu_scene.cpp">
      <Filter>src\scenes</Filter>
    </ClCompile>
    <ClCompile Include="src\cache\cache.cpp">
      <Filter>src\cache</Filter>
    </ClCompile>
    <ClCompile Include="src\scenes\team_scene.cpp">
      <Filter>src\scenes</Filter>
    </ClCompile>
    <ClCompile Include="src\scenes\dialog_scene.cpp">
      <Filter>src\scenes</Filter>
    </ClCompile>
    <ClCompile Include="src\scenes\hatch_scene.cpp">
      <Filter>src\scenes</Filter>
    </ClCompile>
    <ClCompile Include="src\scenes\augment_info.cpp">
      <Filter>src\scenes</Filter>
    </ClCompile>
    <ClCompile Include="src\scenes\learn_scene.cpp">
      <Filter>src\scenes</Filter>
    </ClCompile>
    <ClCompile Include="src\scenes\augments_scene.cpp">
      <Filter>src\scenes</Filter>
    </ClCompile>
    <ClCompile Include="src\cache\species.cpp">
      <Filter>src\cache</Filter>
    </ClCompile>
    <ClCompile Include="src\cache\action.cpp">
      <Filter>src\cache</Filter>
    </ClCompile>
    <ClCompile Include="src\cache\skill.cpp">
      <Filter>src\cache</Filter>
    </ClCompile>
  </ItemGroup>
  <ItemGroup>
    <ClInclude Include="src\error.h">
      <Filter>src</Filter>
    </ClInclude>
    <ClInclude Include="src\graphics\texture.h">
      <Filter>src\graphics</Filter>
    </ClInclude>
    <ClInclude Include="src\graphics\texture_container.h">
      <Filter>src\graphics</Filter>
    </ClInclude>
    <ClInclude Include="src\graphics\renderer.h">
      <Filter>src\graphics</Filter>
    </ClInclude>
    <ClInclude Include="src\widgets\widget.h">
      <Filter>src\widgets</Filter>
    </ClInclude>
    <ClInclude Include="src\widgets\widget_container.h">
      <Filter>src\widgets</Filter>
    </ClInclude>
    <ClInclude Include="src\widgets\label.h">
      <Filter>src\widgets</Filter>
    </ClInclude>
    <ClInclude Include="src\widgets\progress_bar.h">
      <Filter>src\widgets</Filter>
    </ClInclude>
    <ClInclude Include="src\widgets\image.h">
      <Filter>src\widgets</Filter>
    </ClInclude>
    <ClInclude Include="src\widgets\button.h">
      <Filter>src\widgets</Filter>
    </ClInclude>
    <ClInclude Include="src\widgets\cell.h">
      <Filter>src\widgets</Filter>
    </ClInclude>
    <ClInclude Include="src\scenes\scene.h">
      <Filter>src\scenes</Filter>
    </ClInclude>
    <ClInclude Include="src\game.h">
      <Filter>src</Filter>
    </ClInclude>
    <ClInclude Include="src\scenes\login_scene.h">
      <Filter>src\scenes</Filter>
    </ClInclude>
    <ClInclude Include="src\net\http_container.h">
      <Filter>src\net</Filter>
    </ClInclude>
    <ClInclude Include="src\net\http_request.h">
      <Filter>src\net</Filter>
    </ClInclude>
    <ClInclude Include="src\scenes\menu_scene.h">
      <Filter>src\scenes</Filter>
    </ClInclude>
    <ClInclude Include="src\cache\cache.h">
      <Filter>src\cache</Filter>
    </ClInclude>
    <ClInclude Include="src\cache\enums.h">
      <Filter>src\cache</Filter>
    </ClInclude>
    <ClInclude Include="src\cache\action.h">
      <Filter>src\cache</Filter>
    </ClInclude>
    <ClInclude Include="src\cache\skill.h">
      <Filter>src\cache</Filter>
    </ClInclude>
    <ClInclude Include="src\cache\species.h">
      <Filter>src\cache</Filter>
    </ClInclude>
    <ClInclude Include="src\cache\creature.h">
      <Filter>src\cache</Filter>
    </ClInclude>
    <ClInclude Include="src\cache\staff.h">
      <Filter>src\cache</Filter>
    </ClInclude>
    <ClInclude Include="src\cache\user.h">
      <Filter>src\cache</Filter>
    </ClInclude>
    <ClInclude Include="src\scenes\team_scene.h">
      <Filter>src\scenes</Filter>
    </ClInclude>
    <ClInclude Include="src\scenes\dialog_scene.h">
      <Filter>src\scenes</Filter>
    </ClInclude>
    <ClInclude Include="src\scenes\hatch_scene.h">
      <Filter>src\scenes</Filter>
    </ClInclude>
    <ClInclude Include="src\scenes\learn_scene.h">
      <Filter>src\scenes</Filter>
    </ClInclude>
    <ClInclude Include="src\scenes\augment_info.h">
      <Filter>src\scenes</Filter>
    </ClInclude>
    <ClInclude Include="src\scenes\augments_scene.h">
      <Filter>src\scenes</Filter>
    </ClInclude>
  </ItemGroup>
</Project>